dependencies:
- name: mariadb
  repository: https://charts.bitnami.com/bitnami
  version: 11.5.7
- name: postgresql
  repository: https://charts.bitnami.com/bitnami
  version: 12.12.10
digest: sha256:525b07b00bdb53ce75b3afdf8b46b30a8ffabb064159bb33692ec998025a6a82
generated: "2023-10-20T17:25:58.299065887+02:00"
